
Microsoft Visual Studio Solution File, Format Version 12.00
# Visual Studio Version 17
VisualStudioVersion = 17.14.36414.22 d17.14
MinimumVisualStudioVersion = 10.0.40219.1
Project("{FAE04EC0-301F-11D3-BF4B-00C04F79EFBC}") = "VajaGeneriki", "VajaGeneriki\VajaGeneriki.csproj", "{21E0BEC2-EA1A-409A-A0A2-FFFA48952B1C}"
EndProject
Global
	GlobalSection(SolutionConfigurationPlatforms) = preSolution
		Debug|Any CPU = Debug|Any CPU
		Release|Any CPU = Release|Any CPU
	EndGlobalSection
	GlobalSection(ProjectConfigurationPlatforms) = postSolution
		{21E0BEC2-EA1A-409A-A0A2-FFFA48952B1C}.Debug|Any CPU.ActiveCfg = Debug|Any CPU
		{21E0BEC2-EA1A-409A-A0A2-FFFA48952B1C}.Debug|Any CPU.Build.0 = Debug|Any CPU
		{21E0BEC2-EA1A-409A-A0A2-FFFA48952B1C}.Release|Any CPU.ActiveCfg = Release|Any CPU
		{21E0BEC2-EA1A-409A-A0A2-FFFA48952B1C}.Release|Any CPU.Build.0 = Release|Any CPU
	EndGlobalSection
	GlobalSection(SolutionProperties) = preSolution
		HideSolutionNode = FALSE
	EndGlobalSection
	GlobalSection(ExtensibilityGlobals) = postSolution
		SolutionGuid = {5AC4E564-6DF0-492A-A3ED-BE35388A1454}
	EndGlobalSection
EndGlobal
