
Microsoft Visual Studio Solution File, Format Version 12.00
# Visual Studio Version 17
VisualStudioVersion = 17.14.36414.22 d17.14
MinimumVisualStudioVersion = 10.0.40219.1
Project("{FAE04EC0-301F-11D3-BF4B-00C04F79EFBC}") = "Sklad-Stack-Vaja", "Sklad-Stack-Vaja\Sklad-Stack-Vaja.csproj", "{0D559C99-5EB9-4DBB-97EF-5A4D6027C01A}"
EndProject
Global
	GlobalSection(SolutionConfigurationPlatforms) = preSolution
		Debug|Any CPU = Debug|Any CPU
		Release|Any CPU = Release|Any CPU
	EndGlobalSection
	GlobalSection(ProjectConfigurationPlatforms) = postSolution
		{0D559C99-5EB9-4DBB-97EF-5A4D6027C01A}.Debug|Any CPU.ActiveCfg = Debug|Any CPU
		{0D559C99-5EB9-4DBB-97EF-5A4D6027C01A}.Debug|Any CPU.Build.0 = Debug|Any CPU
		{0D559C99-5EB9-4DBB-97EF-5A4D6027C01A}.Release|Any CPU.ActiveCfg = Release|Any CPU
		{0D559C99-5EB9-4DBB-97EF-5A4D6027C01A}.Release|Any CPU.Build.0 = Release|Any CPU
	EndGlobalSection
	GlobalSection(SolutionProperties) = preSolution
		HideSolutionNode = FALSE
	EndGlobalSection
	GlobalSection(ExtensibilityGlobals) = postSolution
		SolutionGuid = {27F6E913-D43C-40A0-B562-B678FF7CF205}
	EndGlobalSection
EndGlobal
