
Microsoft Visual Studio Solution File, Format Version 12.00
# Visual Studio Version 17
VisualStudioVersion = 17.14.36414.22 d17.14
MinimumVisualStudioVersion = 10.0.40219.1
Project("{FAE04EC0-301F-11D3-BF4B-00C04F79EFBC}") = "XMEN", "XMEN\XMEN.csproj", "{95EEEF89-4DC7-427F-8638-3965A0172309}"
EndProject
Global
	GlobalSection(SolutionConfigurationPlatforms) = preSolution
		Debug|Any CPU = Debug|Any CPU
		Release|Any CPU = Release|Any CPU
	EndGlobalSection
	GlobalSection(ProjectConfigurationPlatforms) = postSolution
		{95EEEF89-4DC7-427F-8638-3965A0172309}.Debug|Any CPU.ActiveCfg = Debug|Any CPU
		{95EEEF89-4DC7-427F-8638-3965A0172309}.Debug|Any CPU.Build.0 = Debug|Any CPU
		{95EEEF89-4DC7-427F-8638-3965A0172309}.Release|Any CPU.ActiveCfg = Release|Any CPU
		{95EEEF89-4DC7-427F-8638-3965A0172309}.Release|Any CPU.Build.0 = Release|Any CPU
	EndGlobalSection
	GlobalSection(SolutionProperties) = preSolution
		HideSolutionNode = FALSE
	EndGlobalSection
	GlobalSection(ExtensibilityGlobals) = postSolution
		SolutionGuid = {4F34603A-37E0-4507-9CFC-6841F5FE02E9}
	EndGlobalSection
EndGlobal
